
Microsoft Visual Studio Solution File, Format Version 12.00
# Visual Studio 15
VisualStudioVersion = 15.0.26124.0
MinimumVisualStudioVersion = 15.0.26124.0
Project("{FAE04EC0-301F-11D3-BF4B-00C04F79EFBC}") = "WebApiConsultarLancamento", "WebApiConsultarLancamento\WebApiConsultarLancamento.csproj", "{00C848DC-1B7E-49D5-BBF5-5CF00A468C92}"
EndProject
Project("{FAE04EC0-301F-11D3-BF4B-00C04F79EFBC}") = "WebApiCadastrolancamento", "WebApiCadastroLancamento\WebApiCadastrolancamento.csproj", "{29B1D6A5-56CC-473B-B200-96A5E72992EE}"
EndProject
Project("{FAE04EC0-301F-11D3-BF4B-00C04F79EFBC}") = "Service", "Service\Service.csproj", "{8A17FBFF-7A0F-4CD4-8889-3DED746D53C9}"
EndProject
Global
	GlobalSection(SolutionConfigurationPlatforms) = preSolution
		Debug|Any CPU = Debug|Any CPU
		Debug|x64 = Debug|x64
		Debug|x86 = Debug|x86
		Release|Any CPU = Release|Any CPU
		Release|x64 = Release|x64
		Release|x86 = Release|x86
	EndGlobalSection
	GlobalSection(SolutionProperties) = preSolution
		HideSolutionNode = FALSE
	EndGlobalSection
	GlobalSection(ProjectConfigurationPlatforms) = postSolution
		{00C848DC-1B7E-49D5-BBF5-5CF00A468C92}.Debug|Any CPU.ActiveCfg = Debug|Any CPU
		{00C848DC-1B7E-49D5-BBF5-5CF00A468C92}.Debug|Any CPU.Build.0 = Debug|Any CPU
		{00C848DC-1B7E-49D5-BBF5-5CF00A468C92}.Debug|x64.ActiveCfg = Debug|Any CPU
		{00C848DC-1B7E-49D5-BBF5-5CF00A468C92}.Debug|x64.Build.0 = Debug|Any CPU
		{00C848DC-1B7E-49D5-BBF5-5CF00A468C92}.Debug|x86.ActiveCfg = Debug|Any CPU
		{00C848DC-1B7E-49D5-BBF5-5CF00A468C92}.Debug|x86.Build.0 = Debug|Any CPU
		{00C848DC-1B7E-49D5-BBF5-5CF00A468C92}.Release|Any CPU.ActiveCfg = Release|Any CPU
		{00C848DC-1B7E-49D5-BBF5-5CF00A468C92}.Release|Any CPU.Build.0 = Release|Any CPU
		{00C848DC-1B7E-49D5-BBF5-5CF00A468C92}.Release|x64.ActiveCfg = Release|Any CPU
		{00C848DC-1B7E-49D5-BBF5-5CF00A468C92}.Release|x64.Build.0 = Release|Any CPU
		{00C848DC-1B7E-49D5-BBF5-5CF00A468C92}.Release|x86.ActiveCfg = Release|Any CPU
		{00C848DC-1B7E-49D5-BBF5-5CF00A468C92}.Release|x86.Build.0 = Release|Any CPU
		{29B1D6A5-56CC-473B-B200-96A5E72992EE}.Debug|Any CPU.ActiveCfg = Debug|Any CPU
		{29B1D6A5-56CC-473B-B200-96A5E72992EE}.Debug|Any CPU.Build.0 = Debug|Any CPU
		{29B1D6A5-56CC-473B-B200-96A5E72992EE}.Debug|x64.ActiveCfg = Debug|Any CPU
		{29B1D6A5-56CC-473B-B200-96A5E72992EE}.Debug|x64.Build.0 = Debug|Any CPU
		{29B1D6A5-56CC-473B-B200-96A5E72992EE}.Debug|x86.ActiveCfg = Debug|Any CPU
		{29B1D6A5-56CC-473B-B200-96A5E72992EE}.Debug|x86.Build.0 = Debug|Any CPU
		{29B1D6A5-56CC-473B-B200-96A5E72992EE}.Release|Any CPU.ActiveCfg = Release|Any CPU
		{29B1D6A5-56CC-473B-B200-96A5E72992EE}.Release|Any CPU.Build.0 = Release|Any CPU
		{29B1D6A5-56CC-473B-B200-96A5E72992EE}.Release|x64.ActiveCfg = Release|Any CPU
		{29B1D6A5-56CC-473B-B200-96A5E72992EE}.Release|x64.Build.0 = Release|Any CPU
		{29B1D6A5-56CC-473B-B200-96A5E72992EE}.Release|x86.ActiveCfg = Release|Any CPU
		{29B1D6A5-56CC-473B-B200-96A5E72992EE}.Release|x86.Build.0 = Release|Any CPU
		{8A17FBFF-7A0F-4CD4-8889-3DED746D53C9}.Debug|Any CPU.ActiveCfg = Debug|Any CPU
		{8A17FBFF-7A0F-4CD4-8889-3DED746D53C9}.Debug|Any CPU.Build.0 = Debug|Any CPU
		{8A17FBFF-7A0F-4CD4-8889-3DED746D53C9}.Debug|x64.ActiveCfg = Debug|Any CPU
		{8A17FBFF-7A0F-4CD4-8889-3DED746D53C9}.Debug|x64.Build.0 = Debug|Any CPU
		{8A17FBFF-7A0F-4CD4-8889-3DED746D53C9}.Debug|x86.ActiveCfg = Debug|Any CPU
		{8A17FBFF-7A0F-4CD4-8889-3DED746D53C9}.Debug|x86.Build.0 = Debug|Any CPU
		{8A17FBFF-7A0F-4CD4-8889-3DED746D53C9}.Release|Any CPU.ActiveCfg = Release|Any CPU
		{8A17FBFF-7A0F-4CD4-8889-3DED746D53C9}.Release|Any CPU.Build.0 = Release|Any CPU
		{8A17FBFF-7A0F-4CD4-8889-3DED746D53C9}.Release|x64.ActiveCfg = Release|Any CPU
		{8A17FBFF-7A0F-4CD4-8889-3DED746D53C9}.Release|x64.Build.0 = Release|Any CPU
		{8A17FBFF-7A0F-4CD4-8889-3DED746D53C9}.Release|x86.ActiveCfg = Release|Any CPU
		{8A17FBFF-7A0F-4CD4-8889-3DED746D53C9}.Release|x86.Build.0 = Release|Any CPU
	EndGlobalSection
EndGlobal
